
Microsoft Visual Studio Solution File, Format Version 12.00
# Visual Studio Version 16
VisualStudioVersion = 16.0.31410.357
MinimumVisualStudioVersion = 10.0.40219.1
Project("{9A19103F-16F7-4668-BE54-9A1E7A4F7556}") = "console-events", "console-events\console-events.csproj", "{9C1A7EA2-576E-42F7-9322-5E20257F0A95}"
EndProject
Global
	GlobalSection(SolutionConfigurationPlatforms) = preSolution
		Debug|Any CPU = Debug|Any CPU
		Release|Any CPU = Release|Any CPU
	EndGlobalSection
	GlobalSection(ProjectConfigurationPlatforms) = postSolution
		{9C1A7EA2-576E-42F7-9322-5E20257F0A95}.Debug|Any CPU.ActiveCfg = Debug|Any CPU
		{9C1A7EA2-576E-42F7-9322-5E20257F0A95}.Debug|Any CPU.Build.0 = Debug|Any CPU
		{9C1A7EA2-576E-42F7-9322-5E20257F0A95}.Release|Any CPU.ActiveCfg = Release|Any CPU
		{9C1A7EA2-576E-42F7-9322-5E20257F0A95}.Release|Any CPU.Build.0 = Release|Any CPU
	EndGlobalSection
	GlobalSection(SolutionProperties) = preSolution
		HideSolutionNode = FALSE
	EndGlobalSection
	GlobalSection(ExtensibilityGlobals) = postSolution
		SolutionGuid = {404EC48C-E1A0-479E-AABB-88056C9E4523}
	EndGlobalSection
EndGlobal
